// !$*UTF8*$!
{
	archiveVersion = 1;
	classes = {
	};
	objectVersion = 56;
	objects = {

/* Begin PBXBuildFile section */
		9DA57AA92BECC17D005EBFBC /* RealityKitContent in Frameworks */ = {isa = PBXBuildFile; productRef = 9DA57AA82BECC17D005EBFBC /* RealityKitContent */; };
		9DA57AAB2BECC17D005EBFBC /* VoucherCoodesHackathonApp.swift in Sources */ = {isa = PBXBuildFile; fileRef = 9DA57AAA2BECC17D005EBFBC /* VoucherCoodesHackathonApp.swift */; };
		9DA57AAD2BECC17D005EBFBC /* ContentView.swift in Sources */ = {isa = PBXBuildFile; fileRef = 9DA57AAC2BECC17D005EBFBC /* ContentView.swift */; };
		9DA57AAF2BECC17D005EBFBC /* ImmersiveView.swift in Sources */ = {isa = PBXBuildFile; fileRef = 9DA57AAE2BECC17D005EBFBC /* ImmersiveView.swift */; };
		9DA57AB12BECC17E005EBFBC /* Assets.xcassets in Resources */ = {isa = PBXBuildFile; fileRef = 9DA57AB02BECC17E005EBFBC /* Assets.xcassets */; };
		9DA57AB42BECC17E005EBFBC /* Preview Assets.xcassets in Resources */ = {isa = PBXBuildFile; fileRef = 9DA57AB32BECC17E005EBFBC /* Preview Assets.xcassets */; };
		9DA57AD92BED1696005EBFBC /* gramophone.usdz in Resources */ = {isa = PBXBuildFile; fileRef = 9DA57AD82BED1696005EBFBC /* gramophone.usdz */; };
		9DA57ADB2BED1AF3005EBFBC /* ViewModel.swift in Sources */ = {isa = PBXBuildFile; fileRef = 9DA57ADA2BED1AF3005EBFBC /* ViewModel.swift */; };
		9DA57ADD2BED2306005EBFBC /* cake.usdz in Resources */ = {isa = PBXBuildFile; fileRef = 9DA57ADC2BED2306005EBFBC /* cake.usdz */; };
		9DA57ADF2BED231A005EBFBC /* toy.usdz in Resources */ = {isa = PBXBuildFile; fileRef = 9DA57ADE2BED231A005EBFBC /* toy.usdz */; };
		9DA57AE12BEE2C40005EBFBC /* sneaker.usdz in Resources */ = {isa = PBXBuildFile; fileRef = 9DA57AE02BEE2C40005EBFBC /* sneaker.usdz */; };
		9DA57AE32BEE2E5D005EBFBC /* ImmersiveGameView.swift in Sources */ = {isa = PBXBuildFile; fileRef = 9DA57AE22BEE2E5D005EBFBC /* ImmersiveGameView.swift */; };
		9DA57AE52BEE3BC8005EBFBC /* ARKitSessionManager.swift in Sources */ = {isa = PBXBuildFile; fileRef = 9DA57AE42BEE3BC8005EBFBC /* ARKitSessionManager.swift */; };
		9DA57AE72BEE5A22005EBFBC /* DetailView.swift in Sources */ = {isa = PBXBuildFile; fileRef = 9DA57AE62BEE5A22005EBFBC /* DetailView.swift */; };
/* End PBXBuildFile section */

/* Begin PBXFileReference section */
		9DA57AA32BECC17D005EBFBC /* VoucherCoodesHackathon.app */ = {isa = PBXFileReference; explicitFileType = wrapper.application; includeInIndex = 0; path = VoucherCoodesHackathon.app; sourceTree = BUILT_PRODUCTS_DIR; };
		9DA57AA72BECC17D005EBFBC /* RealityKitContent */ = {isa = PBXFileReference; lastKnownFileType = wrapper; path = RealityKitContent; sourceTree = "<group>"; };
		9DA57AAA2BECC17D005EBFBC /* VoucherCoodesHackathonApp.swift */ = {isa = PBXFileReference; lastKnownFileType = sourcecode.swift; path = VoucherCoodesHackathonApp.swift; sourceTree = "<group>"; };
		9DA57AAC2BECC17D005EBFBC /* ContentView.swift */ = {isa = PBXFileReference; lastKnownFileType = sourcecode.swift; path = ContentView.swift; sourceTree = "<group>"; };
		9DA57AAE2BECC17D005EBFBC /* ImmersiveView.swift */ = {isa = PBXFileReference; lastKnownFileType = sourcecode.swift; path = ImmersiveView.swift; sourceTree = "<group>"; };
		9DA57AB02BECC17E005EBFBC /* Assets.xcassets */ = {isa = PBXFileReference; lastKnownFileType = folder.assetcatalog; path = Assets.xcassets; sourceTree = "<group>"; };
		9DA57AB32BECC17E005EBFBC /* Preview Assets.xcassets */ = {isa = PBXFileReference; lastKnownFileType = folder.assetcatalog; path = "Preview Assets.xcassets"; sourceTree = "<group>"; };
		9DA57AB52BECC17E005EBFBC /* Info.plist */ = {isa = PBXFileReference; lastKnownFileType = text.plist.xml; path = Info.plist; sourceTree = "<group>"; };
		9DA57AD82BED1696005EBFBC /* gramophone.usdz */ = {isa = PBXFileReference; lastKnownFileType = file.usdz; path = gramophone.usdz; sourceTree = "<group>"; };
		9DA57ADA2BED1AF3005EBFBC /* ViewModel.swift */ = {isa = PBXFileReference; lastKnownFileType = sourcecode.swift; path = ViewModel.swift; sourceTree = "<group>"; };
		9DA57ADC2BED2306005EBFBC /* cake.usdz */ = {isa = PBXFileReference; lastKnownFileType = file.usdz; path = cake.usdz; sourceTree = "<group>"; };
		9DA57ADE2BED231A005EBFBC /* toy.usdz */ = {isa = PBXFileReference; lastKnownFileType = file.usdz; path = toy.usdz; sourceTree = "<group>"; };
		9DA57AE02BEE2C40005EBFBC /* sneaker.usdz */ = {isa = PBXFileReference; lastKnownFileType = file.usdz; path = sneaker.usdz; sourceTree = "<group>"; };
		9DA57AE22BEE2E5D005EBFBC /* ImmersiveGameView.swift */ = {isa = PBXFileReference; lastKnownFileType = sourcecode.swift; path = ImmersiveGameView.swift; sourceTree = "<group>"; };
		9DA57AE42BEE3BC8005EBFBC /* ARKitSessionManager.swift */ = {isa = PBXFileReference; lastKnownFileType = sourcecode.swift; path = ARKitSessionManager.swift; sourceTree = "<group>"; };
		9DA57AE62BEE5A22005EBFBC /* DetailView.swift */ = {isa = PBXFileReference; lastKnownFileType = sourcecode.swift; path = DetailView.swift; sourceTree = "<group>"; };
/* End PBXFileReference section */

/* Begin PBXFrameworksBuildPhase section */
		9DA57AA02BECC17D005EBFBC /* Frameworks */ = {
			isa = PBXFrameworksBuildPhase;
			buildActionMask = 2147483647;
			files = (
				9DA57AA92BECC17D005EBFBC /* RealityKitContent in Frameworks */,
			);
			runOnlyForDeploymentPostprocessing = 0;
		};
/* End PBXFrameworksBuildPhase section */

/* Begin PBXGroup section */
		9DA57A9A2BECC17D005EBFBC = {
			isa = PBXGroup;
			children = (
				9DA57AA52BECC17D005EBFBC /* VoucherCoodesHackathon */,
				9DA57AA62BECC17D005EBFBC /* Packages */,
				9DA57AA42BECC17D005EBFBC /* Products */,
			);
			sourceTree = "<group>";
		};
		9DA57AA42BECC17D005EBFBC /* Products */ = {
			isa = PBXGroup;
			children = (
				9DA57AA32BECC17D005EBFBC /* VoucherCoodesHackathon.app */,
			);
			name = Products;
			sourceTree = "<group>";
		};
		9DA57AA52BECC17D005EBFBC /* VoucherCoodesHackathon */ = {
			isa = PBXGroup;
			children = (
				9DA57AAA2BECC17D005EBFBC /* VoucherCoodesHackathonApp.swift */,
				9DA57ADA2BED1AF3005EBFBC /* ViewModel.swift */,
				9DA57AAC2BECC17D005EBFBC /* ContentView.swift */,
				9DA57AE62BEE5A22005EBFBC /* DetailView.swift */,
				9DA57AAE2BECC17D005EBFBC /* ImmersiveView.swift */,
				9DA57AE22BEE2E5D005EBFBC /* ImmersiveGameView.swift */,
				9DA57AB02BECC17E005EBFBC /* Assets.xcassets */,
				9DA57AE02BEE2C40005EBFBC /* sneaker.usdz */,
				9DA57ADC2BED2306005EBFBC /* cake.usdz */,
				9DA57AD82BED1696005EBFBC /* gramophone.usdz */,
				9DA57ADE2BED231A005EBFBC /* toy.usdz */,
				9DA57AB52BECC17E005EBFBC /* Info.plist */,
				9DA57AB22BECC17E005EBFBC /* Preview Content */,
				9DA57AE42BEE3BC8005EBFBC /* ARKitSessionManager.swift */,
			);
			path = VoucherCoodesHackathon;
			sourceTree = "<group>";
		};
		9DA57AA62BECC17D005EBFBC /* Packages */ = {
			isa = PBXGroup;
			children = (
				9DA57AA72BECC17D005EBFBC /* RealityKitContent */,
			);
			path = Packages;
			sourceTree = "<group>";
		};
		9DA57AB22BECC17E005EBFBC /* Preview Content */ = {
			isa = PBXGroup;
			children = (
				9DA57AB32BECC17E005EBFBC /* Preview Assets.xcassets */,
			);
			path = "Preview Content";
			sourceTree = "<group>";
		};
/* End PBXGroup section */

/* Begin PBXNativeTarget section */
		9DA57AA22BECC17D005EBFBC /* VoucherCoodesHackathon */ = {
			isa = PBXNativeTarget;
			buildConfigurationList = 9DA57AB82BECC17E005EBFBC /* Build configuration list for PBXNativeTarget "VoucherCoodesHackathon" */;
			buildPhases = (
				9DA57A9F2BECC17D005EBFBC /* Sources */,
				9DA57AA02BECC17D005EBFBC /* Frameworks */,
				9DA57AA12BECC17D005EBFBC /* Resources */,
			);
			buildRules = (
			);
			dependencies = (
			);
			name = VoucherCoodesHackathon;
			packageProductDependencies = (
				9DA57AA82BECC17D005EBFBC /* RealityKitContent */,
			);
			productName = VoucherCoodesHackathon;
			productReference = 9DA57AA32BECC17D005EBFBC /* VoucherCoodesHackathon.app */;
			productType = "com.apple.product-type.application";
		};
/* End PBXNativeTarget section */

/* Begin PBXProject section */
		9DA57A9B2BECC17D005EBFBC /* Project object */ = {
			isa = PBXProject;
			attributes = {
				BuildIndependentTargetsInParallel = 1;
				LastSwiftUpdateCheck = 1520;
				LastUpgradeCheck = 1520;
				TargetAttributes = {
					9DA57AA22BECC17D005EBFBC = {
						CreatedOnToolsVersion = 15.2;
					};
				};
			};
			buildConfigurationList = 9DA57A9E2BECC17D005EBFBC /* Build configuration list for PBXProject "VoucherCoodesHackathon" */;
			compatibilityVersion = "Xcode 14.0";
			developmentRegion = en;
			hasScannedForEncodings = 0;
			knownRegions = (
				en,
				Base,
			);
			mainGroup = 9DA57A9A2BECC17D005EBFBC;
			packageReferences = (
			);
			productRefGroup = 9DA57AA42BECC17D005EBFBC /* Products */;
			projectDirPath = "";
			projectRoot = "";
			targets = (
				9DA57AA22BECC17D005EBFBC /* VoucherCoodesHackathon */,
			);
		};
/* End PBXProject section */

/* Begin PBXResourcesBuildPhase section */
		9DA57AA12BECC17D005EBFBC /* Resources */ = {
			isa = PBXResourcesBuildPhase;
			buildActionMask = 2147483647;
			files = (
				9DA57AD92BED1696005EBFBC /* gramophone.usdz in Resources */,
				9DA57ADD2BED2306005EBFBC /* cake.usdz in Resources */,
				9DA57AB42BECC17E005EBFBC /* Preview Assets.xcassets in Resources */,
				9DA57AE12BEE2C40005EBFBC /* sneaker.usdz in Resources */,
				9DA57AB12BECC17E005EBFBC /* Assets.xcassets in Resources */,
				9DA57ADF2BED231A005EBFBC /* toy.usdz in Resources */,
			);
			runOnlyForDeploymentPostprocessing = 0;
		};
/* End PBXResourcesBuildPhase section */

/* Begin PBXSourcesBuildPhase section */
		9DA57A9F2BECC17D005EBFBC /* Sources */ = {
			isa = PBXSourcesBuildPhase;
			buildActionMask = 2147483647;
			files = (
				9DA57AAD2BECC17D005EBFBC /* ContentView.swift in Sources */,
				9DA57AAB2BECC17D005EBFBC /* VoucherCoodesHackathonApp.swift in Sources */,
				9DA57ADB2BED1AF3005EBFBC /* ViewModel.swift in Sources */,
				9DA57AAF2BECC17D005EBFBC /* ImmersiveView.swift in Sources */,
				9DA57AE52BEE3BC8005EBFBC /* ARKitSessionManager.swift in Sources */,
				9DA57AE32BEE2E5D005EBFBC /* ImmersiveGameView.swift in Sources */,
				9DA57AE72BEE5A22005EBFBC /* DetailView.swift in Sources */,
			);
			runOnlyForDeploymentPostprocessing = 0;
		};
/* End PBXSourcesBuildPhase section */

/* Begin XCBuildConfiguration section */
		9DA57AB62BECC17E005EBFBC /* Debug */ = {
			isa = XCBuildConfiguration;
			buildSettings = {
				ALWAYS_SEARCH_USER_PATHS = NO;
				ASSETCATALOG_COMPILER_GENERATE_SWIFT_ASSET_SYMBOL_EXTENSIONS = YES;
				CLANG_ANALYZER_NONNULL = YES;
				CLANG_ANALYZER_NUMBER_OBJECT_CONVERSION = YES_AGGRESSIVE;
				CLANG_CXX_LANGUAGE_STANDARD = "gnu++20";
				CLANG_ENABLE_MODULES = YES;
				CLANG_ENABLE_OBJC_ARC = YES;
				CLANG_ENABLE_OBJC_WEAK = YES;
				CLANG_WARN_BLOCK_CAPTURE_AUTORELEASING = YES;
				CLANG_WARN_BOOL_CONVERSION = YES;
				CLANG_WARN_COMMA = YES;
				CLANG_WARN_CONSTANT_CONVERSION = YES;
				CLANG_WARN_DEPRECATED_OBJC_IMPLEMENTATIONS = YES;
				CLANG_WARN_DIRECT_OBJC_ISA_USAGE = YES_ERROR;
				CLANG_WARN_DOCUMENTATION_COMMENTS = YES;
				CLANG_WARN_EMPTY_BODY = YES;
				CLANG_WARN_ENUM_CONVERSION = YES;
				CLANG_WARN_INFINITE_RECURSION = YES;
				CLANG_WARN_INT_CONVERSION = YES;
				CLANG_WARN_NON_LITERAL_NULL_CONVERSION = YES;
				CLANG_WARN_OBJC_IMPLICIT_RETAIN_SELF = YES;
				CLANG_WARN_OBJC_LITERAL_CONVERSION = YES;
				CLANG_WARN_OBJC_ROOT_CLASS = YES_ERROR;
				CLANG_WARN_QUOTED_INCLUDE_IN_FRAMEWORK_HEADER = YES;
				CLANG_WARN_RANGE_LOOP_ANALYSIS = YES;
				CLANG_WARN_STRICT_PROTOTYPES = YES;
				CLANG_WARN_SUSPICIOUS_MOVE = YES;
				CLANG_WARN_UNGUARDED_AVAILABILITY = YES_AGGRESSIVE;
				CLANG_WARN_UNREACHABLE_CODE = YES;
				CLANG_WARN__DUPLICATE_METHOD_MATCH = YES;
				COPY_PHASE_STRIP = NO;
				DEBUG_INFORMATION_FORMAT = dwarf;
				ENABLE_STRICT_OBJC_MSGSEND = YES;
				ENABLE_TESTABILITY = YES;
				ENABLE_USER_SCRIPT_SANDBOXING = YES;
				GCC_C_LANGUAGE_STANDARD = gnu17;
				GCC_DYNAMIC_NO_PIC = NO;
				GCC_NO_COMMON_BLOCKS = YES;
				GCC_OPTIMIZATION_LEVEL = 0;
				GCC_PREPROCESSOR_DEFINITIONS = (
					"DEBUG=1",
					"$(inherited)",
				);
				GCC_WARN_64_TO_32_BIT_CONVERSION = YES;
				GCC_WARN_ABOUT_RETURN_TYPE = YES_ERROR;
				GCC_WARN_UNDECLARED_SELECTOR = YES;
				GCC_WARN_UNINITIALIZED_AUTOS = YES_AGGRESSIVE;
				GCC_WARN_UNUSED_FUNCTION = YES;
				GCC_WARN_UNUSED_VARIABLE = YES;
				LOCALIZATION_PREFERS_STRING_CATALOGS = YES;
				MTL_ENABLE_DEBUG_INFO = INCLUDE_SOURCE;
				MTL_FAST_MATH = YES;
				ONLY_ACTIVE_ARCH = YES;
				SDKROOT = xros;
				SWIFT_ACTIVE_COMPILATION_CONDITIONS = "DEBUG $(inherited)";
				SWIFT_OPTIMIZATION_LEVEL = "-Onone";
				SWIFT_VERSION = 5.0;
				XROS_DEPLOYMENT_TARGET = 1.0;
			};
			name = Debug;
		};
		9DA57AB72BECC17E005EBFBC /* Release */ = {
			isa = XCBuildConfiguration;
			buildSettings = {
				ALWAYS_SEARCH_USER_PATHS = NO;
				ASSETCATALOG_COMPILER_GENERATE_SWIFT_ASSET_SYMBOL_EXTENSIONS = YES;
				CLANG_ANALYZER_NONNULL = YES;
				CLANG_ANALYZER_NUMBER_OBJECT_CONVERSION = YES_AGGRESSIVE;
				CLANG_CXX_LANGUAGE_STANDARD = "gnu++20";
				CLANG_ENABLE_MODULES = YES;
				CLANG_ENABLE_OBJC_ARC = YES;
				CLANG_ENABLE_OBJC_WEAK = YES;
				CLANG_WARN_BLOCK_CAPTURE_AUTORELEASING = YES;
				CLANG_WARN_BOOL_CONVERSION = YES;
				CLANG_WARN_COMMA = YES;
				CLANG_WARN_CONSTANT_CONVERSION = YES;
				CLANG_WARN_DEPRECATED_OBJC_IMPLEMENTATIONS = YES;
				CLANG_WARN_DIRECT_OBJC_ISA_USAGE = YES_ERROR;
				CLANG_WARN_DOCUMENTATION_COMMENTS = YES;
				CLANG_WARN_EMPTY_BODY = YES;
				CLANG_WARN_ENUM_CONVERSION = YES;
				CLANG_WARN_INFINITE_RECURSION = YES;
				CLANG_WARN_INT_CONVERSION = YES;
				CLANG_WARN_NON_LITERAL_NULL_CONVERSION = YES;
				CLANG_WARN_OBJC_IMPLICIT_RETAIN_SELF = YES;
				CLANG_WARN_OBJC_LITERAL_CONVERSION = YES;
				CLANG_WARN_OBJC_ROOT_CLASS = YES_ERROR;
				CLANG_WARN_QUOTED_INCLUDE_IN_FRAMEWORK_HEADER = YES;
				CLANG_WARN_RANGE_LOOP_ANALYSIS = YES;
				CLANG_WARN_STRICT_PROTOTYPES = YES;
				CLANG_WARN_SUSPICIOUS_MOVE = YES;
				CLANG_WARN_UNGUARDED_AVAILABILITY = YES_AGGRESSIVE;
				CLANG_WARN_UNREACHABLE_CODE = YES;
				CLANG_WARN__DUPLICATE_METHOD_MATCH = YES;
				COPY_PHASE_STRIP = NO;
				DEBUG_INFORMATION_FORMAT = "dwarf-with-dsym";
				ENABLE_NS_ASSERTIONS = NO;
				ENABLE_STRICT_OBJC_MSGSEND = YES;
				ENABLE_USER_SCRIPT_SANDBOXING = YES;
				GCC_C_LANGUAGE_STANDARD = gnu17;
				GCC_NO_COMMON_BLOCKS = YES;
				GCC_WARN_64_TO_32_BIT_CONVERSION = YES;
				GCC_WARN_ABOUT_RETURN_TYPE = YES_ERROR;
				GCC_WARN_UNDECLARED_SELECTOR = YES;
				GCC_WARN_UNINITIALIZED_AUTOS = YES_AGGRESSIVE;
				GCC_WARN_UNUSED_FUNCTION = YES;
				GCC_WARN_UNUSED_VARIABLE = YES;
				LOCALIZATION_PREFERS_STRING_CATALOGS = YES;
				MTL_ENABLE_DEBUG_INFO = NO;
				MTL_FAST_MATH = YES;
				SDKROOT = xros;
				SWIFT_COMPILATION_MODE = wholemodule;
				SWIFT_VERSION = 5.0;
				VALIDATE_PRODUCT = YES;
				XROS_DEPLOYMENT_TARGET = 1.0;
			};
			name = Release;
		};
		9DA57AB92BECC17E005EBFBC /* Debug */ = {
			isa = XCBuildConfiguration;
			buildSettings = {
				ASSETCATALOG_COMPILER_APPICON_NAME = AppIcon;
				ASSETCATALOG_COMPILER_GLOBAL_ACCENT_COLOR_NAME = AccentColor;
				CODE_SIGN_STYLE = Automatic;
				CURRENT_PROJECT_VERSION = 1;
				DEVELOPMENT_ASSET_PATHS = "\"VoucherCoodesHackathon/Preview Content\"";
				DEVELOPMENT_TEAM = TK44443MJ7;
				ENABLE_PREVIEWS = YES;
				GENERATE_INFOPLIST_FILE = YES;
				INFOPLIST_FILE = "$(TARGET_NAME)/Info.plist";
				INFOPLIST_KEY_CFBundleDisplayName = vouchercodesHackathon;
				LD_RUNPATH_SEARCH_PATHS = (
					"$(inherited)",
					"@executable_path/Frameworks",
				);
				MARKETING_VERSION = 1.0;
				PRODUCT_BUNDLE_IDENTIFIER = yenting.VoucherCoodesHackathon;
				PRODUCT_NAME = "$(TARGET_NAME)";
				SUPPORTED_PLATFORMS = "xros xrsimulator";
				SWIFT_EMIT_LOC_STRINGS = YES;
				SWIFT_VERSION = 5.0;
				TARGETED_DEVICE_FAMILY = "1,2,7";
			};
			name = Debug;
		};
		9DA57ABA2BECC17E005EBFBC /* Release */ = {
			isa = XCBuildConfiguration;
			buildSettings = {
				ASSETCATALOG_COMPILER_APPICON_NAME = AppIcon;
				ASSETCATALOG_COMPILER_GLOBAL_ACCENT_COLOR_NAME = AccentColor;
				CODE_SIGN_STYLE = Automatic;
				CURRENT_PROJECT_VERSION = 1;
				DEVELOPMENT_ASSET_PATHS = "\"VoucherCoodesHackathon/Preview Content\"";
				DEVELOPMENT_TEAM = TK44443MJ7;
				ENABLE_PREVIEWS = YES;
				GENERATE_INFOPLIST_FILE = YES;
				INFOPLIST_FILE = "$(TARGET_NAME)/Info.plist";
				INFOPLIST_KEY_CFBundleDisplayName = vouchercodesHackathon;
				LD_RUNPATH_SEARCH_PATHS = (
					"$(inherited)",
					"@executable_path/Frameworks",
				);
				MARKETING_VERSION = 1.0;
				PRODUCT_BUNDLE_IDENTIFIER = yenting.VoucherCoodesHackathon;
				PRODUCT_NAME = "$(TARGET_NAME)";
				SUPPORTED_PLATFORMS = "xros xrsimulator";
				SWIFT_EMIT_LOC_STRINGS = YES;
				SWIFT_VERSION = 5.0;
				TARGETED_DEVICE_FAMILY = "1,2,7";
			};
			name = Release;
		};
/* End XCBuildConfiguration section */

/* Begin XCConfigurationList section */
		9DA57A9E2BECC17D005EBFBC /* Build configuration list for PBXProject "VoucherCoodesHackathon" */ = {
			isa = XCConfigurationList;
			buildConfigurations = (
				9DA57AB62BECC17E005EBFBC /* Debug */,
				9DA57AB72BECC17E005EBFBC /* Release */,
			);
			defaultConfigurationIsVisible = 0;
			defaultConfigurationName = Release;
		};
		9DA57AB82BECC17E005EBFBC /* Build configuration list for PBXNativeTarget "VoucherCoodesHackathon" */ = {
			isa = XCConfigurationList;
			buildConfigurations = (
				9DA57AB92BECC17E005EBFBC /* Debug */,
				9DA57ABA2BECC17E005EBFBC /* Release */,
			);
			defaultConfigurationIsVisible = 0;
			defaultConfigurationName = Release;
		};
/* End XCConfigurationList section */

/* Begin XCSwiftPackageProductDependency section */
		9DA57AA82BECC17D005EBFBC /* RealityKitContent */ = {
			isa = XCSwiftPackageProductDependency;
			productName = RealityKitContent;
		};
/* End XCSwiftPackageProductDependency section */
	};
	rootObject = 9DA57A9B2BECC17D005EBFBC /* Project object */;
}
